// !$*UTF8*$!
{
	archiveVersion = 1;
	classes = {
	};
	objectVersion = 46;
	objects = {

/* Begin PBXBuildFile section */
		451D01D2197D948C0079388E /* QuestionCreationWorkflowTests.m in Sources */ = {isa = PBXBuildFile; fileRef = 451D01D1197D948C0079388E /* QuestionCreationWorkflowTests.m */; };
		451D01D5197D96590079388E /* StackOverflowManager.m in Sources */ = {isa = PBXBuildFile; fileRef = 451D01D4197D96590079388E /* StackOverflowManager.m */; };
		451D01DC197D98200079388E /* MockStackOverflowManagerDelegate.m in Sources */ = {isa = PBXBuildFile; fileRef = 451D01DB197D98200079388E /* MockStackOverflowManagerDelegate.m */; };
		451D01DF197D9AF20079388E /* StackOverflowCommunicator.m in Sources */ = {isa = PBXBuildFile; fileRef = 451D01DE197D9AF20079388E /* StackOverflowCommunicator.m */; };
		451D01E3197D9B180079388E /* MockStackOverflowCommunicator.m in Sources */ = {isa = PBXBuildFile; fileRef = 451D01E2197D9B180079388E /* MockStackOverflowCommunicator.m */; };
		4544A8F1198C08C80096C890 /* BrowseOverflowAppDelegateTests.m in Sources */ = {isa = PBXBuildFile; fileRef = 4544A8F0198C08C80096C890 /* BrowseOverflowAppDelegateTests.m */; };
		4544A935198C1DF50096C890 /* BrowseOverflowConfigurationObject.m in Sources */ = {isa = PBXBuildFile; fileRef = 4544A934198C1DF50096C890 /* BrowseOverflowConfigurationObject.m */; };
		4544A937198C1E0B0096C890 /* BrowseOverflowConfigurationObjectTests.m in Sources */ = {isa = PBXBuildFile; fileRef = 4544A936198C1E0B0096C890 /* BrowseOverflowConfigurationObjectTests.m */; };
		4544A93A198C245E0096C890 /* TestObjectConfiguration.m in Sources */ = {isa = PBXBuildFile; fileRef = 4544A939198C245E0096C890 /* TestObjectConfiguration.m */; };
		45547531197EF3CE00995B42 /* QuestionBuilderTests.m in Sources */ = {isa = PBXBuildFile; fileRef = 45547530197EF3CE00995B42 /* QuestionBuilderTests.m */; };
		4557C9B61986CCE700327818 /* BrowseOverflowViewController.m in Sources */ = {isa = PBXBuildFile; fileRef = 4557C9B41986CCE700327818 /* BrowseOverflowViewController.m */; };
		4557C9B81986CCE700327818 /* BrowseOverflowViewController.xib in Resources */ = {isa = PBXBuildFile; fileRef = 4557C9B51986CCE700327818 /* BrowseOverflowViewController.xib */; };
		4557C9B91986CCE700327818 /* BrowseOverflowViewController.xib in Resources */ = {isa = PBXBuildFile; fileRef = 4557C9B51986CCE700327818 /* BrowseOverflowViewController.xib */; };
		4557C9BB1986CD3D00327818 /* BrowseOverflowViewControllerTests.m in Sources */ = {isa = PBXBuildFile; fileRef = 4557C9BA1986CD3D00327818 /* BrowseOverflowViewControllerTests.m */; };
		4558A79D198971A700EE1177 /* QuestionSummaryCell.xib in Resources */ = {isa = PBXBuildFile; fileRef = 4558A79C198971A700EE1177 /* QuestionSummaryCell.xib */; };
		4558A79E198971A700EE1177 /* QuestionSummaryCell.xib in Resources */ = {isa = PBXBuildFile; fileRef = 4558A79C198971A700EE1177 /* QuestionSummaryCell.xib */; };
		4558A7A2198976AC00EE1177 /* AvatarStore.m in Sources */ = {isa = PBXBuildFile; fileRef = 4558A7A1198976AC00EE1177 /* AvatarStore.m */; };
		4558A7A7198976CF00EE1177 /* GravatarCommunicator.m in Sources */ = {isa = PBXBuildFile; fileRef = 4558A7A5198976CF00EE1177 /* GravatarCommunicator.m */; };
		4558A7B11989770C00EE1177 /* AvatarStore+TestingExtensions.m in Sources */ = {isa = PBXBuildFile; fileRef = 4558A7AB1989770C00EE1177 /* AvatarStore+TestingExtensions.m */; };
		4558A7B31989770C00EE1177 /* AvatarStoreTests.m in Sources */ = {isa = PBXBuildFile; fileRef = 4558A7AD1989770C00EE1177 /* AvatarStoreTests.m */; };
		4558A7B51989770C00EE1177 /* GravatarCommunicatorTests.m in Sources */ = {isa = PBXBuildFile; fileRef = 4558A7AF1989770C00EE1177 /* GravatarCommunicatorTests.m */; };
		4558A7B91989780000EE1177 /* FakeNotificationCenter.m in Sources */ = {isa = PBXBuildFile; fileRef = 4558A7B71989780000EE1177 /* FakeNotificationCenter.m */; };
		4558A7BD198978BB00EE1177 /* FakeGravatarDelegate.m in Sources */ = {isa = PBXBuildFile; fileRef = 4558A7BC198978BB00EE1177 /* FakeGravatarDelegate.m */; };
		4558A7C519897AD200EE1177 /* Marcin_Olek.jpg in Resources */ = {isa = PBXBuildFile; fileRef = 4558A7C419897AD200EE1177 /* Marcin_Olek.jpg */; };
		4558A7C819897C8700EE1177 /* ReloadDataWatcher.m in Sources */ = {isa = PBXBuildFile; fileRef = 4558A7C719897C8700EE1177 /* ReloadDataWatcher.m */; };
		455DB97219855A2B0042911D /* StackOVerflowCommunicatorTests.m in Sources */ = {isa = PBXBuildFile; fileRef = 455DB97119855A2B0042911D /* StackOVerflowCommunicatorTests.m */; };
		455DB97519855BA30042911D /* InspectableStackOverflowCommunicator.m in Sources */ = {isa = PBXBuildFile; fileRef = 455DB97419855BA30042911D /* InspectableStackOverflowCommunicator.m */; };
		455DB978198590730042911D /* NonNetworkedStackOVerflowCommunicator.m in Sources */ = {isa = PBXBuildFile; fileRef = 455DB977198590730042911D /* NonNetworkedStackOVerflowCommunicator.m */; };
		455DB97B1985950F0042911D /* FakeURLResponse.m in Sources */ = {isa = PBXBuildFile; fileRef = 455DB97A1985950F0042911D /* FakeURLResponse.m */; };
		455DB98119859FB50042911D /* MockStackOverflowManager.m in Sources */ = {isa = PBXBuildFile; fileRef = 455DB98019859FB50042911D /* MockStackOverflowManager.m */; };
		4560D5D9198832220084C856 /* TopicTableDelegateTests.m in Sources */ = {isa = PBXBuildFile; fileRef = 4560D5D8198832220084C856 /* TopicTableDelegateTests.m */; };
		4599C060198AC9C90061F75D /* QuestionDetailCell.m in Sources */ = {isa = PBXBuildFile; fileRef = 4599C05E198AC9C90061F75D /* QuestionDetailCell.m */; };
		4599C061198AC9C90061F75D /* QuestionDetailCell.xib in Resources */ = {isa = PBXBuildFile; fileRef = 4599C05F198AC9C90061F75D /* QuestionDetailCell.xib */; };
		4599C065198AC9F90061F75D /* AnswerCell.m in Sources */ = {isa = PBXBuildFile; fileRef = 4599C063198AC9F90061F75D /* AnswerCell.m */; };
		4599C066198AC9F90061F75D /* AnswerCell.xib in Resources */ = {isa = PBXBuildFile; fileRef = 4599C064198AC9F90061F75D /* AnswerCell.xib */; };
		45E322DD198192B800974DD4 /* AnswerBuilderTests.m in Sources */ = {isa = PBXBuildFile; fileRef = 45E322DC198192B800974DD4 /* AnswerBuilderTests.m */; };
		45E322E0198193B700974DD4 /* AnswerBuilder.m in Sources */ = {isa = PBXBuildFile; fileRef = 45E322DF198193B700974DD4 /* AnswerBuilder.m */; };
		45E671FF197ECCAD00D3EC0F /* QuestionBuilder.m in Sources */ = {isa = PBXBuildFile; fileRef = 45E671FE197ECCAD00D3EC0F /* QuestionBuilder.m */; };
		45E67203197ECD2400D3EC0F /* FakeQuestionBuilder.m in Sources */ = {isa = PBXBuildFile; fileRef = 45E67202197ECD2400D3EC0F /* FakeQuestionBuilder.m */; };
		D307A73719757FA800E68B8A /* Foundation.framework in Frameworks */ = {isa = PBXBuildFile; fileRef = D307A73619757FA800E68B8A /* Foundation.framework */; };
		D307A73919757FA800E68B8A /* CoreGraphics.framework in Frameworks */ = {isa = PBXBuildFile; fileRef = D307A73819757FA800E68B8A /* CoreGraphics.framework */; };
		D307A73B19757FA800E68B8A /* UIKit.framework in Frameworks */ = {isa = PBXBuildFile; fileRef = D307A73A19757FA800E68B8A /* UIKit.framework */; };
		D307A74119757FA800E68B8A /* InfoPlist.strings in Resources */ = {isa = PBXBuildFile; fileRef = D307A73F19757FA800E68B8A /* InfoPlist.strings */; };
		D307A74319757FA800E68B8A /* main.m in Sources */ = {isa = PBXBuildFile; fileRef = D307A74219757FA800E68B8A /* main.m */; };
		D307A74719757FA800E68B8A /* AppDelegate.m in Sources */ = {isa = PBXBuildFile; fileRef = D307A74619757FA800E68B8A /* AppDelegate.m */; };
		D307A74A19757FA800E68B8A /* Main.storyboard in Resources */ = {isa = PBXBuildFile; fileRef = D307A74819757FA800E68B8A /* Main.storyboard */; };
		D307A75219757FA800E68B8A /* Images.xcassets in Resources */ = {isa = PBXBuildFile; fileRef = D307A75119757FA800E68B8A /* Images.xcassets */; };
		D307A75919757FA800E68B8A /* XCTest.framework in Frameworks */ = {isa = PBXBuildFile; fileRef = D307A75819757FA800E68B8A /* XCTest.framework */; };
		D307A75A19757FA800E68B8A /* Foundation.framework in Frameworks */ = {isa = PBXBuildFile; fileRef = D307A73619757FA800E68B8A /* Foundation.framework */; };
		D307A75B19757FA800E68B8A /* UIKit.framework in Frameworks */ = {isa = PBXBuildFile; fileRef = D307A73A19757FA800E68B8A /* UIKit.framework */; };
		D307A76319757FA800E68B8A /* InfoPlist.strings in Resources */ = {isa = PBXBuildFile; fileRef = D307A76119757FA800E68B8A /* InfoPlist.strings */; };
		D307A76519757FA800E68B8A /* BrowseOverflowTests.m in Sources */ = {isa = PBXBuildFile; fileRef = D307A76419757FA800E68B8A /* BrowseOverflowTests.m */; };
		D31604DD198A977E00380AE9 /* Question+Copyable.m in Sources */ = {isa = PBXBuildFile; fileRef = D31604DC198A977E00380AE9 /* Question+Copyable.m */; };
		D33A0F2C1977B5A7005BD55B /* AnswerTests.m in Sources */ = {isa = PBXBuildFile; fileRef = D33A0F2B1977B5A7005BD55B /* AnswerTests.m */; };
		D33A0F2F1977BE4A005BD55B /* Answer.m in Sources */ = {isa = PBXBuildFile; fileRef = D33A0F2E1977BE4A005BD55B /* Answer.m */; };
		D345C0A01989224500558EDE /* QuestionListTableDataSource.m in Sources */ = {isa = PBXBuildFile; fileRef = D345C09F1989224500558EDE /* QuestionListTableDataSource.m */; };
		D345C0AD19892B9700558EDE /* QuestionListTableDataSourceTests.m in Sources */ = {isa = PBXBuildFile; fileRef = D345C0AC19892B9700558EDE /* QuestionListTableDataSourceTests.m */; };
		D34A1E84197582C700F99DE0 /* TopicTests.m in Sources */ = {isa = PBXBuildFile; fileRef = D34A1E83197582C700F99DE0 /* TopicTests.m */; };
		D34A1E871975834900F99DE0 /* Topic.m in Sources */ = {isa = PBXBuildFile; fileRef = D34A1E861975834900F99DE0 /* Topic.m */; };
		D34A1E8A1975897000F99DE0 /* QuestionTests.m in Sources */ = {isa = PBXBuildFile; fileRef = D34A1E891975897000F99DE0 /* QuestionTests.m */; };
		D34A1E8D19758A2200F99DE0 /* Question.m in Sources */ = {isa = PBXBuildFile; fileRef = D34A1E8C19758A2200F99DE0 /* Question.m */; };
		D3B90897198A58DD0098ABBC /* QuestionDetailDataSourceTests.m in Sources */ = {isa = PBXBuildFile; fileRef = D3B90896198A58DD0098ABBC /* QuestionDetailDataSourceTests.m */; };
		D3B9089A198A59250098ABBC /* QuestionDetailDataSource.m in Sources */ = {isa = PBXBuildFile; fileRef = D3B90899198A59250098ABBC /* QuestionDetailDataSource.m */; };
		D3D777C41987E5AA00D591E0 /* TopicTableDataSource.m in Sources */ = {isa = PBXBuildFile; fileRef = 4557C9BD1986D1AB00327818 /* TopicTableDataSource.m */; };
		D3D777C61987E62900D591E0 /* TopicTableDataSourceTests.m in Sources */ = {isa = PBXBuildFile; fileRef = D3D777C51987E62900D591E0 /* TopicTableDataSourceTests.m */; };
		D3DD12FC1976D021003EA1AA /* PersonsTests.m in Sources */ = {isa = PBXBuildFile; fileRef = D3DD12FB1976D021003EA1AA /* PersonsTests.m */; };
		D3DD12FF1976D125003EA1AA /* Person.m in Sources */ = {isa = PBXBuildFile; fileRef = D3DD12FE1976D125003EA1AA /* Person.m */; };
		D3E0940319894721006BD871 /* QuestionSummaryCell.m in Sources */ = {isa = PBXBuildFile; fileRef = D3E0940219894721006BD871 /* QuestionSummaryCell.m */; };
/* End PBXBuildFile section */

/* Begin PBXContainerItemProxy section */
		D307A75C19757FA800E68B8A /* PBXContainerItemProxy */ = {
			isa = PBXContainerItemProxy;
			containerPortal = D307A72B19757FA800E68B8A /* Project object */;
			proxyType = 1;
			remoteGlobalIDString = D307A73219757FA800E68B8A;
			remoteInfo = BrowseOverflow;
		};
/* End PBXContainerItemProxy section */

/* Begin PBXFileReference section */
		451D01D1197D948C0079388E /* QuestionCreationWorkflowTests.m */ = {isa = PBXFileReference; fileEncoding = 4; lastKnownFileType = sourcecode.c.objc; path = QuestionCreationWorkflowTests.m; sourceTree = "<group>"; };
		451D01D3197D96590079388E /* StackOverflowManager.h */ = {isa = PBXFileReference; fileEncoding = 4; lastKnownFileType = sourcecode.c.h; path = StackOverflowManager.h; sourceTree = "<group>"; };
		451D01D4197D96590079388E /* StackOverflowManager.m */ = {isa = PBXFileReference; fileEncoding = 4; lastKnownFileType = sourcecode.c.objc; path = StackOverflowManager.m; sourceTree = "<group>"; };
		451D01DA197D98200079388E /* MockStackOverflowManagerDelegate.h */ = {isa = PBXFileReference; fileEncoding = 4; lastKnownFileType = sourcecode.c.h; path = MockStackOverflowManagerDelegate.h; sourceTree = "<group>"; };
		451D01DB197D98200079388E /* MockStackOverflowManagerDelegate.m */ = {isa = PBXFileReference; fileEncoding = 4; lastKnownFileType = sourcecode.c.objc; path = MockStackOverflowManagerDelegate.m; sourceTree = "<group>"; };
		451D01DD197D9AF20079388E /* StackOverflowCommunicator.h */ = {isa = PBXFileReference; fileEncoding = 4; lastKnownFileType = sourcecode.c.h; path = StackOverflowCommunicator.h; sourceTree = "<group>"; };
		451D01DE197D9AF20079388E /* StackOverflowCommunicator.m */ = {isa = PBXFileReference; fileEncoding = 4; lastKnownFileType = sourcecode.c.objc; path = StackOverflowCommunicator.m; sourceTree = "<group>"; };
		451D01E1197D9B180079388E /* MockStackOverflowCommunicator.h */ = {isa = PBXFileReference; fileEncoding = 4; lastKnownFileType = sourcecode.c.h; path = MockStackOverflowCommunicator.h; sourceTree = "<group>"; };
		451D01E2197D9B180079388E /* MockStackOverflowCommunicator.m */ = {isa = PBXFileReference; fileEncoding = 4; lastKnownFileType = sourcecode.c.objc; path = MockStackOverflowCommunicator.m; sourceTree = "<group>"; };
		4544A8F0198C08C80096C890 /* BrowseOverflowAppDelegateTests.m */ = {isa = PBXFileReference; fileEncoding = 4; lastKnownFileType = sourcecode.c.objc; path = BrowseOverflowAppDelegateTests.m; sourceTree = "<group>"; };
		4544A933198C1DF50096C890 /* BrowseOverflowConfigurationObject.h */ = {isa = PBXFileReference; fileEncoding = 4; lastKnownFileType = sourcecode.c.h; path = BrowseOverflowConfigurationObject.h; sourceTree = "<group>"; };
		4544A934198C1DF50096C890 /* BrowseOverflowConfigurationObject.m */ = {isa = PBXFileReference; fileEncoding = 4; lastKnownFileType = sourcecode.c.objc; path = BrowseOverflowConfigurationObject.m; sourceTree = "<group>"; };
		4544A936198C1E0B0096C890 /* BrowseOverflowConfigurationObjectTests.m */ = {isa = PBXFileReference; fileEncoding = 4; lastKnownFileType = sourcecode.c.objc; path = BrowseOverflowConfigurationObjectTests.m; sourceTree = "<group>"; };
		4544A938198C245E0096C890 /* TestObjectConfiguration.h */ = {isa = PBXFileReference; fileEncoding = 4; lastKnownFileType = sourcecode.c.h; path = TestObjectConfiguration.h; sourceTree = "<group>"; };
		4544A939198C245E0096C890 /* TestObjectConfiguration.m */ = {isa = PBXFileReference; fileEncoding = 4; lastKnownFileType = sourcecode.c.objc; path = TestObjectConfiguration.m; sourceTree = "<group>"; };
		45547530197EF3CE00995B42 /* QuestionBuilderTests.m */ = {isa = PBXFileReference; fileEncoding = 4; lastKnownFileType = sourcecode.c.objc; path = QuestionBuilderTests.m; sourceTree = "<group>"; };
		4557C9B31986CCE700327818 /* BrowseOverflowViewController.h */ = {isa = PBXFileReference; fileEncoding = 4; lastKnownFileType = sourcecode.c.h; path = BrowseOverflowViewController.h; sourceTree = "<group>"; };
		4557C9B41986CCE700327818 /* BrowseOverflowViewController.m */ = {isa = PBXFileReference; fileEncoding = 4; lastKnownFileType = sourcecode.c.objc; path = BrowseOverflowViewController.m; sourceTree = "<group>"; };
		4557C9B51986CCE700327818 /* BrowseOverflowViewController.xib */ = {isa = PBXFileReference; fileEncoding = 4; lastKnownFileType = file.xib; path = BrowseOverflowViewController.xib; sourceTree = "<group>"; };
		4557C9BA1986CD3D00327818 /* BrowseOverflowViewControllerTests.m */ = {isa = PBXFileReference; fileEncoding = 4; lastKnownFileType = sourcecode.c.objc; path = BrowseOverflowViewControllerTests.m; sourceTree = "<group>"; };
		4557C9BC1986D1AB00327818 /* TopicTableDataSource.h */ = {isa = PBXFileReference; fileEncoding = 4; lastKnownFileType = sourcecode.c.h; name = TopicTableDataSource.h; path = BrowseOverflowTests/TopicTableDataSource.h; sourceTree = SOURCE_ROOT; };
		4557C9BD1986D1AB00327818 /* TopicTableDataSource.m */ = {isa = PBXFileReference; fileEncoding = 4; lastKnownFileType = sourcecode.c.objc; name = TopicTableDataSource.m; path = BrowseOverflowTests/TopicTableDataSource.m; sourceTree = SOURCE_ROOT; };
		4558A79C198971A700EE1177 /* QuestionSummaryCell.xib */ = {isa = PBXFileReference; fileEncoding = 4; lastKnownFileType = file.xib; path = QuestionSummaryCell.xib; sourceTree = "<group>"; };
		4558A7A0198976AC00EE1177 /* AvatarStore.h */ = {isa = PBXFileReference; fileEncoding = 4; lastKnownFileType = sourcecode.c.h; path = AvatarStore.h; sourceTree = "<group>"; };
		4558A7A1198976AC00EE1177 /* AvatarStore.m */ = {isa = PBXFileReference; fileEncoding = 4; lastKnownFileType = sourcecode.c.objc; path = AvatarStore.m; sourceTree = "<group>"; };
		4558A7A4198976CF00EE1177 /* GravatarCommunicator.h */ = {isa = PBXFileReference; fileEncoding = 4; lastKnownFileType = sourcecode.c.h; path = GravatarCommunicator.h; sourceTree = "<group>"; };
		4558A7A5198976CF00EE1177 /* GravatarCommunicator.m */ = {isa = PBXFileReference; fileEncoding = 4; lastKnownFileType = sourcecode.c.objc; path = GravatarCommunicator.m; sourceTree = "<group>"; };
		4558A7A6198976CF00EE1177 /* GravatarCommunicatorDelegate.h */ = {isa = PBXFileReference; fileEncoding = 4; lastKnownFileType = sourcecode.c.h; path = GravatarCommunicatorDelegate.h; sourceTree = "<group>"; };
		4558A7AA1989770C00EE1177 /* AvatarStore+TestingExtensions.h */ = {isa = PBXFileReference; fileEncoding = 4; lastKnownFileType = sourcecode.c.h; path = "AvatarStore+TestingExtensions.h"; sourceTree = "<group>"; };
		4558A7AB1989770C00EE1177 /* AvatarStore+TestingExtensions.m */ = {isa = PBXFileReference; fileEncoding = 4; lastKnownFileType = sourcecode.c.objc; path = "AvatarStore+TestingExtensions.m"; sourceTree = "<group>"; };
		4558A7AD1989770C00EE1177 /* AvatarStoreTests.m */ = {isa = PBXFileReference; fileEncoding = 4; lastKnownFileType = sourcecode.c.objc; path = AvatarStoreTests.m; sourceTree = "<group>"; };
		4558A7AF1989770C00EE1177 /* GravatarCommunicatorTests.m */ = {isa = PBXFileReference; fileEncoding = 4; lastKnownFileType = sourcecode.c.objc; path = GravatarCommunicatorTests.m; sourceTree = "<group>"; };
		4558A7B71989780000EE1177 /* FakeNotificationCenter.m */ = {isa = PBXFileReference; fileEncoding = 4; lastKnownFileType = sourcecode.c.objc; path = FakeNotificationCenter.m; sourceTree = "<group>"; };
		4558A7BA1989783C00EE1177 /* FakeNotificationCenter.h */ = {isa = PBXFileReference; fileEncoding = 4; lastKnownFileType = sourcecode.c.h; path = FakeNotificationCenter.h; sourceTree = "<group>"; };
		4558A7BB198978BB00EE1177 /* FakeGravatarDelegate.h */ = {isa = PBXFileReference; fileEncoding = 4; lastKnownFileType = sourcecode.c.h; path = FakeGravatarDelegate.h; sourceTree = "<group>"; };
		4558A7BC198978BB00EE1177 /* FakeGravatarDelegate.m */ = {isa = PBXFileReference; fileEncoding = 4; lastKnownFileType = sourcecode.c.objc; path = FakeGravatarDelegate.m; sourceTree = "<group>"; };
		4558A7C419897AD200EE1177 /* Marcin_Olek.jpg */ = {isa = PBXFileReference; lastKnownFileType = image.jpeg; path = Marcin_Olek.jpg; sourceTree = "<group>"; };
		4558A7C619897C8700EE1177 /* ReloadDataWatcher.h */ = {isa = PBXFileReference; fileEncoding = 4; lastKnownFileType = sourcecode.c.h; name = ReloadDataWatcher.h; path = ../BrowseOverflow/ReloadDataWatcher.h; sourceTree = "<group>"; };
		4558A7C719897C8700EE1177 /* ReloadDataWatcher.m */ = {isa = PBXFileReference; fileEncoding = 4; lastKnownFileType = sourcecode.c.objc; name = ReloadDataWatcher.m; path = ../BrowseOverflow/ReloadDataWatcher.m; sourceTree = "<group>"; };
		455DB97119855A2B0042911D /* StackOVerflowCommunicatorTests.m */ = {isa = PBXFileReference; fileEncoding = 4; lastKnownFileType = sourcecode.c.objc; path = StackOVerflowCommunicatorTests.m; sourceTree = "<group>"; };
		455DB97319855BA30042911D /* InspectableStackOverflowCommunicator.h */ = {isa = PBXFileReference; fileEncoding = 4; lastKnownFileType = sourcecode.c.h; path = InspectableStackOverflowCommunicator.h; sourceTree = "<group>"; };
		455DB97419855BA30042911D /* InspectableStackOverflowCommunicator.m */ = {isa = PBXFileReference; fileEncoding = 4; lastKnownFileType = sourcecode.c.objc; path = InspectableStackOverflowCommunicator.m; sourceTree = "<group>"; };
		455DB976198590730042911D /* NonNetworkedStackOVerflowCommunicator.h */ = {isa = PBXFileReference; fileEncoding = 4; lastKnownFileType = sourcecode.c.h; path = NonNetworkedStackOVerflowCommunicator.h; sourceTree = "<group>"; };
		455DB977198590730042911D /* NonNetworkedStackOVerflowCommunicator.m */ = {isa = PBXFileReference; fileEncoding = 4; lastKnownFileType = sourcecode.c.objc; path = NonNetworkedStackOVerflowCommunicator.m; sourceTree = "<group>"; };
		455DB9791985950F0042911D /* FakeURLResponse.h */ = {isa = PBXFileReference; fileEncoding = 4; lastKnownFileType = sourcecode.c.h; path = FakeURLResponse.h; sourceTree = "<group>"; };
		455DB97A1985950F0042911D /* FakeURLResponse.m */ = {isa = PBXFileReference; fileEncoding = 4; lastKnownFileType = sourcecode.c.objc; path = FakeURLResponse.m; sourceTree = "<group>"; };
		455DB97C198599370042911D /* StackOverflowCommunicatorDelegate.h */ = {isa = PBXFileReference; fileEncoding = 4; lastKnownFileType = sourcecode.c.h; path = StackOverflowCommunicatorDelegate.h; sourceTree = "<group>"; };
		455DB97F19859FB50042911D /* MockStackOverflowManager.h */ = {isa = PBXFileReference; fileEncoding = 4; lastKnownFileType = sourcecode.c.h; path = MockStackOverflowManager.h; sourceTree = "<group>"; };
		455DB98019859FB50042911D /* MockStackOverflowManager.m */ = {isa = PBXFileReference; fileEncoding = 4; lastKnownFileType = sourcecode.c.objc; path = MockStackOverflowManager.m; sourceTree = "<group>"; };
		4560D5D8198832220084C856 /* TopicTableDelegateTests.m */ = {isa = PBXFileReference; fileEncoding = 4; lastKnownFileType = sourcecode.c.objc; path = TopicTableDelegateTests.m; sourceTree = "<group>"; };
		4599C05D198AC9C90061F75D /* QuestionDetailCell.h */ = {isa = PBXFileReference; fileEncoding = 4; lastKnownFileType = sourcecode.c.h; path = QuestionDetailCell.h; sourceTree = "<group>"; };
		4599C05E198AC9C90061F75D /* QuestionDetailCell.m */ = {isa = PBXFileReference; fileEncoding = 4; lastKnownFileType = sourcecode.c.objc; path = QuestionDetailCell.m; sourceTree = "<group>"; };
		4599C05F198AC9C90061F75D /* QuestionDetailCell.xib */ = {isa = PBXFileReference; fileEncoding = 4; lastKnownFileType = file.xib; path = QuestionDetailCell.xib; sourceTree = "<group>"; };
		4599C062198AC9F90061F75D /* AnswerCell.h */ = {isa = PBXFileReference; fileEncoding = 4; lastKnownFileType = sourcecode.c.h; path = AnswerCell.h; sourceTree = "<group>"; };
		4599C063198AC9F90061F75D /* AnswerCell.m */ = {isa = PBXFileReference; fileEncoding = 4; lastKnownFileType = sourcecode.c.objc; path = AnswerCell.m; sourceTree = "<group>"; };
		4599C064198AC9F90061F75D /* AnswerCell.xib */ = {isa = PBXFileReference; fileEncoding = 4; lastKnownFileType = file.xib; path = AnswerCell.xib; sourceTree = "<group>"; };
		45E322DC198192B800974DD4 /* AnswerBuilderTests.m */ = {isa = PBXFileReference; fileEncoding = 4; lastKnownFileType = sourcecode.c.objc; path = AnswerBuilderTests.m; sourceTree = "<group>"; };
		45E322DE198193B700974DD4 /* AnswerBuilder.h */ = {isa = PBXFileReference; fileEncoding = 4; lastKnownFileType = sourcecode.c.h; path = AnswerBuilder.h; sourceTree = "<group>"; };
		45E322DF198193B700974DD4 /* AnswerBuilder.m */ = {isa = PBXFileReference; fileEncoding = 4; lastKnownFileType = sourcecode.c.objc; path = AnswerBuilder.m; sourceTree = "<group>"; };
		45E671FD197ECCAD00D3EC0F /* QuestionBuilder.h */ = {isa = PBXFileReference; fileEncoding = 4; lastKnownFileType = sourcecode.c.h; path = QuestionBuilder.h; sourceTree = "<group>"; };
		45E671FE197ECCAD00D3EC0F /* QuestionBuilder.m */ = {isa = PBXFileReference; fileEncoding = 4; lastKnownFileType = sourcecode.c.objc; path = QuestionBuilder.m; sourceTree = "<group>"; };
		45E67201197ECD2400D3EC0F /* FakeQuestionBuilder.h */ = {isa = PBXFileReference; fileEncoding = 4; lastKnownFileType = sourcecode.c.h; path = FakeQuestionBuilder.h; sourceTree = "<group>"; };
		45E67202197ECD2400D3EC0F /* FakeQuestionBuilder.m */ = {isa = PBXFileReference; fileEncoding = 4; lastKnownFileType = sourcecode.c.objc; path = FakeQuestionBuilder.m; sourceTree = "<group>"; };
		D307A73319757FA800E68B8A /* BrowseOverflow.app */ = {isa = PBXFileReference; explicitFileType = wrapper.application; includeInIndex = 0; path = BrowseOverflow.app; sourceTree = BUILT_PRODUCTS_DIR; };
		D307A73619757FA800E68B8A /* Foundation.framework */ = {isa = PBXFileReference; lastKnownFileType = wrapper.framework; name = Foundation.framework; path = System/Library/Frameworks/Foundation.framework; sourceTree = SDKROOT; };
		D307A73819757FA800E68B8A /* CoreGraphics.framework */ = {isa = PBXFileReference; lastKnownFileType = wrapper.framework; name = CoreGraphics.framework; path = System/Library/Frameworks/CoreGraphics.framework; sourceTree = SDKROOT; };
		D307A73A19757FA800E68B8A /* UIKit.framework */ = {isa = PBXFileReference; lastKnownFileType = wrapper.framework; name = UIKit.framework; path = System/Library/Frameworks/UIKit.framework; sourceTree = SDKROOT; };
		D307A73E19757FA800E68B8A /* BrowseOverflow-Info.plist */ = {isa = PBXFileReference; lastKnownFileType = text.plist.xml; path = "BrowseOverflow-Info.plist"; sourceTree = "<group>"; };
		D307A74019757FA800E68B8A /* en */ = {isa = PBXFileReference; lastKnownFileType = text.plist.strings; name = en; path = en.lproj/InfoPlist.strings; sourceTree = "<group>"; };
		D307A74219757FA800E68B8A /* main.m */ = {isa = PBXFileReference; lastKnownFileType = sourcecode.c.objc; path = main.m; sourceTree = "<group>"; };
		D307A74419757FA800E68B8A /* BrowseOverflow-Prefix.pch */ = {isa = PBXFileReference; lastKnownFileType = sourcecode.c.h; path = "BrowseOverflow-Prefix.pch"; sourceTree = "<group>"; };
		D307A74519757FA800E68B8A /* AppDelegate.h */ = {isa = PBXFileReference; lastKnownFileType = sourcecode.c.h; path = AppDelegate.h; sourceTree = "<group>"; };
		D307A74619757FA800E68B8A /* AppDelegate.m */ = {isa = PBXFileReference; lastKnownFileType = sourcecode.c.objc; path = AppDelegate.m; sourceTree = "<group>"; };
		D307A74919757FA800E68B8A /* Base */ = {isa = PBXFileReference; lastKnownFileType = file.storyboard; name = Base; path = Base.lproj/Main.storyboard; sourceTree = "<group>"; };
		D307A75119757FA800E68B8A /* Images.xcassets */ = {isa = PBXFileReference; lastKnownFileType = folder.assetcatalog; path = Images.xcassets; sourceTree = "<group>"; };
		D307A75719757FA800E68B8A /* BrowseOverflowTests.xctest */ = {isa = PBXFileReference; explicitFileType = wrapper.cfbundle; includeInIndex = 0; path = BrowseOverflowTests.xctest; sourceTree = BUILT_PRODUCTS_DIR; };
		D307A75819757FA800E68B8A /* XCTest.framework */ = {isa = PBXFileReference; lastKnownFileType = wrapper.framework; name = XCTest.framework; path = Library/Frameworks/XCTest.framework; sourceTree = DEVELOPER_DIR; };
		D307A76019757FA800E68B8A /* BrowseOverflowTests-Info.plist */ = {isa = PBXFileReference; lastKnownFileType = text.plist.xml; path = "BrowseOverflowTests-Info.plist"; sourceTree = "<group>"; };
		D307A76219757FA800E68B8A /* en */ = {isa = PBXFileReference; lastKnownFileType = text.plist.strings; name = en; path = en.lproj/InfoPlist.strings; sourceTree = "<group>"; };
		D307A76419757FA800E68B8A /* BrowseOverflowTests.m */ = {isa = PBXFileReference; lastKnownFileType = sourcecode.c.objc; path = BrowseOverflowTests.m; sourceTree = "<group>"; };
		D31604DB198A977E00380AE9 /* Question+Copyable.h */ = {isa = PBXFileReference; fileEncoding = 4; lastKnownFileType = sourcecode.c.h; path = "Question+Copyable.h"; sourceTree = "<group>"; };
		D31604DC198A977E00380AE9 /* Question+Copyable.m */ = {isa = PBXFileReference; fileEncoding = 4; lastKnownFileType = sourcecode.c.objc; path = "Question+Copyable.m"; sourceTree = "<group>"; };
		D33A0F2B1977B5A7005BD55B /* AnswerTests.m */ = {isa = PBXFileReference; fileEncoding = 4; lastKnownFileType = sourcecode.c.objc; path = AnswerTests.m; sourceTree = "<group>"; };
		D33A0F2D1977BE4A005BD55B /* Answer.h */ = {isa = PBXFileReference; fileEncoding = 4; lastKnownFileType = sourcecode.c.h; path = Answer.h; sourceTree = "<group>"; };
		D33A0F2E1977BE4A005BD55B /* Answer.m */ = {isa = PBXFileReference; fileEncoding = 4; lastKnownFileType = sourcecode.c.objc; path = Answer.m; sourceTree = "<group>"; };
		D345C09E1989224500558EDE /* QuestionListTableDataSource.h */ = {isa = PBXFileReference; fileEncoding = 4; lastKnownFileType = sourcecode.c.h; path = QuestionListTableDataSource.h; sourceTree = "<group>"; };
		D345C09F1989224500558EDE /* QuestionListTableDataSource.m */ = {isa = PBXFileReference; fileEncoding = 4; lastKnownFileType = sourcecode.c.objc; path = QuestionListTableDataSource.m; sourceTree = "<group>"; };
		D345C0AC19892B9700558EDE /* QuestionListTableDataSourceTests.m */ = {isa = PBXFileReference; fileEncoding = 4; lastKnownFileType = sourcecode.c.objc; path = QuestionListTableDataSourceTests.m; sourceTree = "<group>"; };
		D34A1E83197582C700F99DE0 /* TopicTests.m */ = {isa = PBXFileReference; fileEncoding = 4; lastKnownFileType = sourcecode.c.objc; path = TopicTests.m; sourceTree = "<group>"; };
		D34A1E851975834900F99DE0 /* Topic.h */ = {isa = PBXFileReference; fileEncoding = 4; lastKnownFileType = sourcecode.c.h; path = Topic.h; sourceTree = "<group>"; };
		D34A1E861975834900F99DE0 /* Topic.m */ = {isa = PBXFileReference; fileEncoding = 4; lastKnownFileType = sourcecode.c.objc; path = Topic.m; sourceTree = "<group>"; };
		D34A1E891975897000F99DE0 /* QuestionTests.m */ = {isa = PBXFileReference; fileEncoding = 4; lastKnownFileType = sourcecode.c.objc; path = QuestionTests.m; sourceTree = "<group>"; };
		D34A1E8B19758A2200F99DE0 /* Question.h */ = {isa = PBXFileReference; fileEncoding = 4; lastKnownFileType = sourcecode.c.h; path = Question.h; sourceTree = "<group>"; };
		D34A1E8C19758A2200F99DE0 /* Question.m */ = {isa = PBXFileReference; fileEncoding = 4; lastKnownFileType = sourcecode.c.objc; path = Question.m; sourceTree = "<group>"; };
		D3B90896198A58DD0098ABBC /* QuestionDetailDataSourceTests.m */ = {isa = PBXFileReference; fileEncoding = 4; lastKnownFileType = sourcecode.c.objc; path = QuestionDetailDataSourceTests.m; sourceTree = "<group>"; };
		D3B90898198A59250098ABBC /* QuestionDetailDataSource.h */ = {isa = PBXFileReference; fileEncoding = 4; lastKnownFileType = sourcecode.c.h; path = QuestionDetailDataSource.h; sourceTree = "<group>"; };
		D3B90899198A59250098ABBC /* QuestionDetailDataSource.m */ = {isa = PBXFileReference; fileEncoding = 4; lastKnownFileType = sourcecode.c.objc; path = QuestionDetailDataSource.m; sourceTree = "<group>"; };
		D3D777C51987E62900D591E0 /* TopicTableDataSourceTests.m */ = {isa = PBXFileReference; fileEncoding = 4; lastKnownFileType = sourcecode.c.objc; path = TopicTableDataSourceTests.m; sourceTree = "<group>"; };
		D3DD12FB1976D021003EA1AA /* PersonsTests.m */ = {isa = PBXFileReference; fileEncoding = 4; lastKnownFileType = sourcecode.c.objc; path = PersonsTests.m; sourceTree = "<group>"; };
		D3DD12FD1976D125003EA1AA /* Person.h */ = {isa = PBXFileReference; fileEncoding = 4; lastKnownFileType = sourcecode.c.h; path = Person.h; sourceTree = "<group>"; };
		D3DD12FE1976D125003EA1AA /* Person.m */ = {isa = PBXFileReference; fileEncoding = 4; lastKnownFileType = sourcecode.c.objc; path = Person.m; sourceTree = "<group>"; };
		D3E0940119894721006BD871 /* QuestionSummaryCell.h */ = {isa = PBXFileReference; fileEncoding = 4; lastKnownFileType = sourcecode.c.h; path = QuestionSummaryCell.h; sourceTree = "<group>"; };
		D3E0940219894721006BD871 /* QuestionSummaryCell.m */ = {isa = PBXFileReference; fileEncoding = 4; lastKnownFileType = sourcecode.c.objc; path = QuestionSummaryCell.m; sourceTree = "<group>"; };
/* End PBXFileReference section */

/* Begin PBXFrameworksBuildPhase section */
		D307A73019757FA800E68B8A /* Frameworks */ = {
			isa = PBXFrameworksBuildPhase;
			buildActionMask = 2147483647;
			files = (
				D307A73919757FA800E68B8A /* CoreGraphics.framework in Frameworks */,
				D307A73B19757FA800E68B8A /* UIKit.framework in Frameworks */,
				D307A73719757FA800E68B8A /* Foundation.framework in Frameworks */,
			);
			runOnlyForDeploymentPostprocessing = 0;
		};
		D307A75419757FA800E68B8A /* Frameworks */ = {
			isa = PBXFrameworksBuildPhase;
			buildActionMask = 2147483647;
			files = (
				D307A75919757FA800E68B8A /* XCTest.framework in Frameworks */,
				D307A75B19757FA800E68B8A /* UIKit.framework in Frameworks */,
				D307A75A19757FA800E68B8A /* Foundation.framework in Frameworks */,
			);
			runOnlyForDeploymentPostprocessing = 0;
		};
/* End PBXFrameworksBuildPhase section */

/* Begin PBXGroup section */
		4558A7A9198976DC00EE1177 /* CopyPastedClasses */ = {
			isa = PBXGroup;
			children = (
				4558A7A0198976AC00EE1177 /* AvatarStore.h */,
				4558A7A1198976AC00EE1177 /* AvatarStore.m */,
				4558A7A4198976CF00EE1177 /* GravatarCommunicator.h */,
				4558A7A5198976CF00EE1177 /* GravatarCommunicator.m */,
				4558A7A6198976CF00EE1177 /* GravatarCommunicatorDelegate.h */,
			);
			name = CopyPastedClasses;
			sourceTree = "<group>";
		};
		4558A7B61989771400EE1177 /* CopyPastedTests */ = {
			isa = PBXGroup;
			children = (
				4558A7AA1989770C00EE1177 /* AvatarStore+TestingExtensions.h */,
				4558A7AB1989770C00EE1177 /* AvatarStore+TestingExtensions.m */,
				4558A7AD1989770C00EE1177 /* AvatarStoreTests.m */,
				4558A7BB198978BB00EE1177 /* FakeGravatarDelegate.h */,
				4558A7BC198978BB00EE1177 /* FakeGravatarDelegate.m */,
				4558A7BA1989783C00EE1177 /* FakeNotificationCenter.h */,
				4558A7B71989780000EE1177 /* FakeNotificationCenter.m */,
				4558A7AF1989770C00EE1177 /* GravatarCommunicatorTests.m */,
				4558A7C619897C8700EE1177 /* ReloadDataWatcher.h */,
				4558A7C719897C8700EE1177 /* ReloadDataWatcher.m */,
			);
			name = CopyPastedTests;
			sourceTree = "<group>";
		};
		4558A7BE19897A8500EE1177 /* Images */ = {
			isa = PBXGroup;
			children = (
				4558A7C419897AD200EE1177 /* Marcin_Olek.jpg */,
			);
			name = Images;
			sourceTree = "<group>";
		};
		D307A72A19757FA800E68B8A = {
			isa = PBXGroup;
			children = (
				D307A73C19757FA800E68B8A /* BrowseOverflow */,
				D307A75E19757FA800E68B8A /* BrowseOverflowTests */,
				D307A73519757FA800E68B8A /* Frameworks */,
				D307A73419757FA800E68B8A /* Products */,
			);
			sourceTree = "<group>";
		};
		D307A73419757FA800E68B8A /* Products */ = {
			isa = PBXGroup;
			children = (
				D307A73319757FA800E68B8A /* BrowseOverflow.app */,
				D307A75719757FA800E68B8A /* BrowseOverflowTests.xctest */,
			);
			name = Products;
			sourceTree = "<group>";
		};
		D307A73519757FA800E68B8A /* Frameworks */ = {
			isa = PBXGroup;
			children = (
				D307A73619757FA800E68B8A /* Foundation.framework */,
				D307A73819757FA800E68B8A /* CoreGraphics.framework */,
				D307A73A19757FA800E68B8A /* UIKit.framework */,
				D307A75819757FA800E68B8A /* XCTest.framework */,
			);
			name = Frameworks;
			sourceTree = "<group>";
		};
		D307A73C19757FA800E68B8A /* BrowseOverflow */ = {
			isa = PBXGroup;
			children = (
				4558A7A9198976DC00EE1177 /* CopyPastedClasses */,
				D307A74519757FA800E68B8A /* AppDelegate.h */,
				D307A74619757FA800E68B8A /* AppDelegate.m */,
				D307A74819757FA800E68B8A /* Main.storyboard */,
				D307A75119757FA800E68B8A /* Images.xcassets */,
				D33A0F2D1977BE4A005BD55B /* Answer.h */,
				D33A0F2E1977BE4A005BD55B /* Answer.m */,
				45E322DE198193B700974DD4 /* AnswerBuilder.h */,
				45E322DF198193B700974DD4 /* AnswerBuilder.m */,
				4599C062198AC9F90061F75D /* AnswerCell.h */,
				4599C063198AC9F90061F75D /* AnswerCell.m */,
				4599C05D198AC9C90061F75D /* QuestionDetailCell.h */,
				4599C05E198AC9C90061F75D /* QuestionDetailCell.m */,
				D3B90898198A59250098ABBC /* QuestionDetailDataSource.h */,
				D3B90899198A59250098ABBC /* QuestionDetailDataSource.m */,
				4557C9B31986CCE700327818 /* BrowseOverflowViewController.h */,
				4557C9B41986CCE700327818 /* BrowseOverflowViewController.m */,
				D3DD12FD1976D125003EA1AA /* Person.h */,
				D3DD12FE1976D125003EA1AA /* Person.m */,
				D34A1E8B19758A2200F99DE0 /* Question.h */,
				D34A1E8C19758A2200F99DE0 /* Question.m */,
				45E671FD197ECCAD00D3EC0F /* QuestionBuilder.h */,
				45E671FE197ECCAD00D3EC0F /* QuestionBuilder.m */,
				D345C09E1989224500558EDE /* QuestionListTableDataSource.h */,
				D345C09F1989224500558EDE /* QuestionListTableDataSource.m */,
				D3E0940119894721006BD871 /* QuestionSummaryCell.h */,
				D3E0940219894721006BD871 /* QuestionSummaryCell.m */,
				451D01DD197D9AF20079388E /* StackOverflowCommunicator.h */,
				451D01DE197D9AF20079388E /* StackOverflowCommunicator.m */,
				455DB97C198599370042911D /* StackOverflowCommunicatorDelegate.h */,
				451D01D3197D96590079388E /* StackOverflowManager.h */,
				451D01D4197D96590079388E /* StackOverflowManager.m */,
				D34A1E851975834900F99DE0 /* Topic.h */,
				D34A1E861975834900F99DE0 /* Topic.m */,
				4557C9BC1986D1AB00327818 /* TopicTableDataSource.h */,
				4557C9BD1986D1AB00327818 /* TopicTableDataSource.m */,
				D3D777C31987DC8200D591E0 /* Xibs */,
				D307A73D19757FA800E68B8A /* Supporting Files */,
				4544A933198C1DF50096C890 /* BrowseOverflowConfigurationObject.h */,
				4544A934198C1DF50096C890 /* BrowseOverflowConfigurationObject.m */,
			);
			path = BrowseOverflow;
			sourceTree = "<group>";
		};
		D307A73D19757FA800E68B8A /* Supporting Files */ = {
			isa = PBXGroup;
			children = (
				D307A73E19757FA800E68B8A /* BrowseOverflow-Info.plist */,
				D307A73F19757FA800E68B8A /* InfoPlist.strings */,
				D307A74219757FA800E68B8A /* main.m */,
				D307A74419757FA800E68B8A /* BrowseOverflow-Prefix.pch */,
			);
			name = "Supporting Files";
			sourceTree = "<group>";
		};
		D307A75E19757FA800E68B8A /* BrowseOverflowTests */ = {
			isa = PBXGroup;
			children = (
				4558A7B61989771400EE1177 /* CopyPastedTests */,
				4558A7BE19897A8500EE1177 /* Images */,
				D3F409E919878A6500392AAD /* Mocks, Fake Objects */,
				45E322DC198192B800974DD4 /* AnswerBuilderTests.m */,
				D33A0F2B1977B5A7005BD55B /* AnswerTests.m */,
				D307A76419757FA800E68B8A /* BrowseOverflowTests.m */,
				4544A8F0198C08C80096C890 /* BrowseOverflowAppDelegateTests.m */,
				4557C9BA1986CD3D00327818 /* BrowseOverflowViewControllerTests.m */,
				D3DD12FB1976D021003EA1AA /* PersonsTests.m */,
				45547530197EF3CE00995B42 /* QuestionBuilderTests.m */,
				D3B90896198A58DD0098ABBC /* QuestionDetailDataSourceTests.m */,
				451D01D1197D948C0079388E /* QuestionCreationWorkflowTests.m */,
				D345C0AC19892B9700558EDE /* QuestionListTableDataSourceTests.m */,
				D34A1E891975897000F99DE0 /* QuestionTests.m */,
				455DB97119855A2B0042911D /* StackOVerflowCommunicatorTests.m */,
				D3D777C51987E62900D591E0 /* TopicTableDataSourceTests.m */,
				4560D5D8198832220084C856 /* TopicTableDelegateTests.m */,
				D34A1E83197582C700F99DE0 /* TopicTests.m */,
				D307A75F19757FA800E68B8A /* Supporting Files */,
				4544A936198C1E0B0096C890 /* BrowseOverflowConfigurationObjectTests.m */,
			);
			path = BrowseOverflowTests;
			sourceTree = "<group>";
		};
		D307A75F19757FA800E68B8A /* Supporting Files */ = {
			isa = PBXGroup;
			children = (
				D307A76019757FA800E68B8A /* BrowseOverflowTests-Info.plist */,
				D307A76119757FA800E68B8A /* InfoPlist.strings */,
			);
			name = "Supporting Files";
			sourceTree = "<group>";
		};
		D3D777C31987DC8200D591E0 /* Xibs */ = {
			isa = PBXGroup;
			children = (
				4599C064198AC9F90061F75D /* AnswerCell.xib */,
				4557C9B51986CCE700327818 /* BrowseOverflowViewController.xib */,
				4599C05F198AC9C90061F75D /* QuestionDetailCell.xib */,
				4558A79C198971A700EE1177 /* QuestionSummaryCell.xib */,
			);
			name = Xibs;
			sourceTree = "<group>";
		};
		D3F409E919878A6500392AAD /* Mocks, Fake Objects */ = {
			isa = PBXGroup;
			children = (
				45E67201197ECD2400D3EC0F /* FakeQuestionBuilder.h */,
				45E67202197ECD2400D3EC0F /* FakeQuestionBuilder.m */,
				455DB9791985950F0042911D /* FakeURLResponse.h */,
				455DB97A1985950F0042911D /* FakeURLResponse.m */,
				455DB97319855BA30042911D /* InspectableStackOverflowCommunicator.h */,
				455DB97419855BA30042911D /* InspectableStackOverflowCommunicator.m */,
				451D01E1197D9B180079388E /* MockStackOverflowCommunicator.h */,
				451D01E2197D9B180079388E /* MockStackOverflowCommunicator.m */,
				451D01DA197D98200079388E /* MockStackOverflowManagerDelegate.h */,
				451D01DB197D98200079388E /* MockStackOverflowManagerDelegate.m */,
				455DB97F19859FB50042911D /* MockStackOverflowManager.h */,
				455DB98019859FB50042911D /* MockStackOverflowManager.m */,
				455DB976198590730042911D /* NonNetworkedStackOVerflowCommunicator.h */,
				455DB977198590730042911D /* NonNetworkedStackOVerflowCommunicator.m */,
				D31604DB198A977E00380AE9 /* Question+Copyable.h */,
				D31604DC198A977E00380AE9 /* Question+Copyable.m */,
				4544A938198C245E0096C890 /* TestObjectConfiguration.h */,
				4544A939198C245E0096C890 /* TestObjectConfiguration.m */,
			);
			name = "Mocks, Fake Objects";
			sourceTree = "<group>";
		};
/* End PBXGroup section */

/* Begin PBXNativeTarget section */
		D307A73219757FA800E68B8A /* BrowseOverflow */ = {
			isa = PBXNativeTarget;
			buildConfigurationList = D307A76819757FA800E68B8A /* Build configuration list for PBXNativeTarget "BrowseOverflow" */;
			buildPhases = (
				D307A72F19757FA800E68B8A /* Sources */,
				D307A73019757FA800E68B8A /* Frameworks */,
				D307A73119757FA800E68B8A /* Resources */,
			);
			buildRules = (
			);
			dependencies = (
			);
			name = BrowseOverflow;
			productName = BrowseOverflow;
			productReference = D307A73319757FA800E68B8A /* BrowseOverflow.app */;
			productType = "com.apple.product-type.application";
		};
		D307A75619757FA800E68B8A /* BrowseOverflowTests */ = {
			isa = PBXNativeTarget;
			buildConfigurationList = D307A76B19757FA800E68B8A /* Build configuration list for PBXNativeTarget "BrowseOverflowTests" */;
			buildPhases = (
				D307A75319757FA800E68B8A /* Sources */,
				D307A75419757FA800E68B8A /* Frameworks */,
				D307A75519757FA800E68B8A /* Resources */,
			);
			buildRules = (
			);
			dependencies = (
				D307A75D19757FA800E68B8A /* PBXTargetDependency */,
			);
			name = BrowseOverflowTests;
			productName = BrowseOverflowTests;
			productReference = D307A75719757FA800E68B8A /* BrowseOverflowTests.xctest */;
			productType = "com.apple.product-type.bundle.unit-test";
		};
/* End PBXNativeTarget section */

/* Begin PBXProject section */
		D307A72B19757FA800E68B8A /* Project object */ = {
			isa = PBXProject;
			attributes = {
				LastUpgradeCheck = 0510;
				ORGANIZATIONNAME = "Marcin Olek";
				TargetAttributes = {
					D307A75619757FA800E68B8A = {
						TestTargetID = D307A73219757FA800E68B8A;
					};
				};
			};
			buildConfigurationList = D307A72E19757FA800E68B8A /* Build configuration list for PBXProject "BrowseOverflow" */;
			compatibilityVersion = "Xcode 3.2";
			developmentRegion = English;
			hasScannedForEncodings = 0;
			knownRegions = (
				en,
				Base,
			);
			mainGroup = D307A72A19757FA800E68B8A;
			productRefGroup = D307A73419757FA800E68B8A /* Products */;
			projectDirPath = "";
			projectRoot = "";
			targets = (
				D307A73219757FA800E68B8A /* BrowseOverflow */,
				D307A75619757FA800E68B8A /* BrowseOverflowTests */,
			);
		};
/* End PBXProject section */

/* Begin PBXResourcesBuildPhase section */
		D307A73119757FA800E68B8A /* Resources */ = {
			isa = PBXResourcesBuildPhase;
			buildActionMask = 2147483647;
			files = (
				4557C9B81986CCE700327818 /* BrowseOverflowViewController.xib in Resources */,
				4558A79D198971A700EE1177 /* QuestionSummaryCell.xib in Resources */,
				D307A75219757FA800E68B8A /* Images.xcassets in Resources */,
				4599C066198AC9F90061F75D /* AnswerCell.xib in Resources */,
				D307A74119757FA800E68B8A /* InfoPlist.strings in Resources */,
				4599C061198AC9C90061F75D /* QuestionDetailCell.xib in Resources */,
				D307A74A19757FA800E68B8A /* Main.storyboard in Resources */,
			);
			runOnlyForDeploymentPostprocessing = 0;
		};
		D307A75519757FA800E68B8A /* Resources */ = {
			isa = PBXResourcesBuildPhase;
			buildActionMask = 2147483647;
			files = (
				4557C9B91986CCE700327818 /* BrowseOverflowViewController.xib in Resources */,
				4558A79E198971A700EE1177 /* QuestionSummaryCell.xib in Resources */,
				4558A7C519897AD200EE1177 /* Marcin_Olek.jpg in Resources */,
				D307A76319757FA800E68B8A /* InfoPlist.strings in Resources */,
			);
			runOnlyForDeploymentPostprocessing = 0;
		};
/* End PBXResourcesBuildPhase section */

/* Begin PBXSourcesBuildPhase section */
		D307A72F19757FA800E68B8A /* Sources */ = {
			isa = PBXSourcesBuildPhase;
			buildActionMask = 2147483647;
			files = (
				4599C065198AC9F90061F75D /* AnswerCell.m in Sources */,
				45E671FF197ECCAD00D3EC0F /* QuestionBuilder.m in Sources */,
				D307A74719757FA800E68B8A /* AppDelegate.m in Sources */,
				4599C060198AC9C90061F75D /* QuestionDetailCell.m in Sources */,
				D3DD12FF1976D125003EA1AA /* Person.m in Sources */,
				D3B9089A198A59250098ABBC /* QuestionDetailDataSource.m in Sources */,
				D345C0A01989224500558EDE /* QuestionListTableDataSource.m in Sources */,
				451D01DF197D9AF20079388E /* StackOverflowCommunicator.m in Sources */,
				4558A7A7198976CF00EE1177 /* GravatarCommunicator.m in Sources */,
				D3E0940319894721006BD871 /* QuestionSummaryCell.m in Sources */,
				45E322E0198193B700974DD4 /* AnswerBuilder.m in Sources */,
				D33A0F2F1977BE4A005BD55B /* Answer.m in Sources */,
				D307A74319757FA800E68B8A /* main.m in Sources */,
				4558A7A2198976AC00EE1177 /* AvatarStore.m in Sources */,
				D34A1E8D19758A2200F99DE0 /* Question.m in Sources */,
				4544A935198C1DF50096C890 /* BrowseOverflowConfigurationObject.m in Sources */,
				D34A1E871975834900F99DE0 /* Topic.m in Sources */,
				451D01D5197D96590079388E /* StackOverflowManager.m in Sources */,
				4557C9B61986CCE700327818 /* BrowseOverflowViewController.m in Sources */,
				D3D777C41987E5AA00D591E0 /* TopicTableDataSource.m in Sources */,
			);
			runOnlyForDeploymentPostprocessing = 0;
		};
		D307A75319757FA800E68B8A /* Sources */ = {
			isa = PBXSourcesBuildPhase;
			buildActionMask = 2147483647;
			files = (
				4544A8F1198C08C80096C890 /* BrowseOverflowAppDelegateTests.m in Sources */,
				4558A7B51989770C00EE1177 /* GravatarCommunicatorTests.m in Sources */,
				D33A0F2C1977B5A7005BD55B /* AnswerTests.m in Sources */,
				455DB98119859FB50042911D /* MockStackOverflowManager.m in Sources */,
				4560D5D9198832220084C856 /* TopicTableDelegateTests.m in Sources */,
				4558A7C819897C8700EE1177 /* ReloadDataWatcher.m in Sources */,
				455DB97B1985950F0042911D /* FakeURLResponse.m in Sources */,
				451D01E3197D9B180079388E /* MockStackOverflowCommunicator.m in Sources */,
				451D01D2197D948C0079388E /* QuestionCreationWorkflowTests.m in Sources */,
				455DB97219855A2B0042911D /* StackOVerflowCommunicatorTests.m in Sources */,
				4558A7B91989780000EE1177 /* FakeNotificationCenter.m in Sources */,
				4544A937198C1E0B0096C890 /* BrowseOverflowConfigurationObjectTests.m in Sources */,
				D345C0AD19892B9700558EDE /* QuestionListTableDataSourceTests.m in Sources */,
				4558A7B31989770C00EE1177 /* AvatarStoreTests.m in Sources */,
				451D01DC197D98200079388E /* MockStackOverflowManagerDelegate.m in Sources */,
				D31604DD198A977E00380AE9 /* Question+Copyable.m in Sources */,
				D34A1E8A1975897000F99DE0 /* QuestionTests.m in Sources */,
				D3B90897198A58DD0098ABBC /* QuestionDetailDataSourceTests.m in Sources */,
				D3DD12FC1976D021003EA1AA /* PersonsTests.m in Sources */,
				4544A93A198C245E0096C890 /* TestObjectConfiguration.m in Sources */,
				4558A7BD198978BB00EE1177 /* FakeGravatarDelegate.m in Sources */,
				455DB97519855BA30042911D /* InspectableStackOverflowCommunicator.m in Sources */,
				45E322DD198192B800974DD4 /* AnswerBuilderTests.m in Sources */,
				D307A76519757FA800E68B8A /* BrowseOverflowTests.m in Sources */,
				45547531197EF3CE00995B42 /* QuestionBuilderTests.m in Sources */,
				D3D777C61987E62900D591E0 /* TopicTableDataSourceTests.m in Sources */,
				45E67203197ECD2400D3EC0F /* FakeQuestionBuilder.m in Sources */,
				D34A1E84197582C700F99DE0 /* TopicTests.m in Sources */,
				4557C9BB1986CD3D00327818 /* BrowseOverflowViewControllerTests.m in Sources */,
				455DB978198590730042911D /* NonNetworkedStackOVerflowCommunicator.m in Sources */,
				4558A7B11989770C00EE1177 /* AvatarStore+TestingExtensions.m in Sources */,
			);
			runOnlyForDeploymentPostprocessing = 0;
		};
/* End PBXSourcesBuildPhase section */

/* Begin PBXTargetDependency section */
		D307A75D19757FA800E68B8A /* PBXTargetDependency */ = {
			isa = PBXTargetDependency;
			target = D307A73219757FA800E68B8A /* BrowseOverflow */;
			targetProxy = D307A75C19757FA800E68B8A /* PBXContainerItemProxy */;
		};
/* End PBXTargetDependency section */

/* Begin PBXVariantGroup section */
		D307A73F19757FA800E68B8A /* InfoPlist.strings */ = {
			isa = PBXVariantGroup;
			children = (
				D307A74019757FA800E68B8A /* en */,
			);
			name = InfoPlist.strings;
			sourceTree = "<group>";
		};
		D307A74819757FA800E68B8A /* Main.storyboard */ = {
			isa = PBXVariantGroup;
			children = (
				D307A74919757FA800E68B8A /* Base */,
			);
			name = Main.storyboard;
			sourceTree = "<group>";
		};
		D307A76119757FA800E68B8A /* InfoPlist.strings */ = {
			isa = PBXVariantGroup;
			children = (
				D307A76219757FA800E68B8A /* en */,
			);
			name = InfoPlist.strings;
			sourceTree = "<group>";
		};
/* End PBXVariantGroup section */

/* Begin XCBuildConfiguration section */
		D307A76619757FA800E68B8A /* Debug */ = {
			isa = XCBuildConfiguration;
			buildSettings = {
				ALWAYS_SEARCH_USER_PATHS = NO;
				CLANG_CXX_LANGUAGE_STANDARD = "gnu++0x";
				CLANG_CXX_LIBRARY = "libc++";
				CLANG_ENABLE_MODULES = YES;
				CLANG_ENABLE_OBJC_ARC = YES;
				CLANG_WARN_BOOL_CONVERSION = YES;
				CLANG_WARN_CONSTANT_CONVERSION = YES;
				CLANG_WARN_DIRECT_OBJC_ISA_USAGE = YES_ERROR;
				CLANG_WARN_EMPTY_BODY = YES;
				CLANG_WARN_ENUM_CONVERSION = YES;
				CLANG_WARN_INT_CONVERSION = YES;
				CLANG_WARN_OBJC_ROOT_CLASS = YES_ERROR;
				CLANG_WARN__DUPLICATE_METHOD_MATCH = YES;
				"CODE_SIGN_IDENTITY[sdk=iphoneos*]" = "iPhone Developer";
				COPY_PHASE_STRIP = NO;
				GCC_C_LANGUAGE_STANDARD = gnu99;
				GCC_DYNAMIC_NO_PIC = NO;
				GCC_OPTIMIZATION_LEVEL = 0;
				GCC_PREPROCESSOR_DEFINITIONS = (
					"DEBUG=1",
					"$(inherited)",
				);
				GCC_SYMBOLS_PRIVATE_EXTERN = NO;
				GCC_WARN_64_TO_32_BIT_CONVERSION = YES;
				GCC_WARN_ABOUT_RETURN_TYPE = YES_ERROR;
				GCC_WARN_UNDECLARED_SELECTOR = YES;
				GCC_WARN_UNINITIALIZED_AUTOS = YES_AGGRESSIVE;
				GCC_WARN_UNUSED_FUNCTION = YES;
				GCC_WARN_UNUSED_VARIABLE = YES;
				IPHONEOS_DEPLOYMENT_TARGET = 7.1;
				ONLY_ACTIVE_ARCH = YES;
				SDKROOT = iphoneos;
			};
			name = Debug;
		};
		D307A76719757FA800E68B8A /* Release */ = {
			isa = XCBuildConfiguration;
			buildSettings = {
				ALWAYS_SEARCH_USER_PATHS = NO;
				CLANG_CXX_LANGUAGE_STANDARD = "gnu++0x";
				CLANG_CXX_LIBRARY = "libc++";
				CLANG_ENABLE_MODULES = YES;
				CLANG_ENABLE_OBJC_ARC = YES;
				CLANG_WARN_BOOL_CONVERSION = YES;
				CLANG_WARN_CONSTANT_CONVERSION = YES;
				CLANG_WARN_DIRECT_OBJC_ISA_USAGE = YES_ERROR;
				CLANG_WARN_EMPTY_BODY = YES;
				CLANG_WARN_ENUM_CONVERSION = YES;
				CLANG_WARN_INT_CONVERSION = YES;
				CLANG_WARN_OBJC_ROOT_CLASS = YES_ERROR;
				CLANG_WARN__DUPLICATE_METHOD_MATCH = YES;
				"CODE_SIGN_IDENTITY[sdk=iphoneos*]" = "iPhone Developer";
				COPY_PHASE_STRIP = YES;
				ENABLE_NS_ASSERTIONS = NO;
				GCC_C_LANGUAGE_STANDARD = gnu99;
				GCC_WARN_64_TO_32_BIT_CONVERSION = YES;
				GCC_WARN_ABOUT_RETURN_TYPE = YES_ERROR;
				GCC_WARN_UNDECLARED_SELECTOR = YES;
				GCC_WARN_UNINITIALIZED_AUTOS = YES_AGGRESSIVE;
				GCC_WARN_UNUSED_FUNCTION = YES;
				GCC_WARN_UNUSED_VARIABLE = YES;
				IPHONEOS_DEPLOYMENT_TARGET = 7.1;
				SDKROOT = iphoneos;
				VALIDATE_PRODUCT = YES;
			};
			name = Release;
		};
		D307A76919757FA800E68B8A /* Debug */ = {
			isa = XCBuildConfiguration;
			buildSettings = {
				ASSETCATALOG_COMPILER_APPICON_NAME = AppIcon;
				ASSETCATALOG_COMPILER_LAUNCHIMAGE_NAME = LaunchImage;
				CLANG_WARN_DIRECT_OBJC_ISA_USAGE = NO;
				CLANG_WARN_IMPLICIT_SIGN_CONVERSION = NO;
				GCC_PRECOMPILE_PREFIX_HEADER = YES;
				GCC_PREFIX_HEADER = "BrowseOverflow/BrowseOverflow-Prefix.pch";
				GCC_TREAT_WARNINGS_AS_ERRORS = NO;
				GCC_WARN_ABOUT_MISSING_FIELD_INITIALIZERS = YES;
				GCC_WARN_ABOUT_MISSING_NEWLINE = YES;
				GCC_WARN_ABOUT_MISSING_PROTOTYPES = NO;
				GCC_WARN_INITIALIZER_NOT_FULLY_BRACKETED = YES;
				GCC_WARN_UNUSED_LABEL = YES;
				GCC_WARN_UNUSED_PARAMETER = NO;
				INFOPLIST_FILE = "BrowseOverflow/BrowseOverflow-Info.plist";
				PRODUCT_NAME = "$(TARGET_NAME)";
				WRAPPER_EXTENSION = app;
			};
			name = Debug;
		};
		D307A76A19757FA800E68B8A /* Release */ = {
			isa = XCBuildConfiguration;
			buildSettings = {
				ASSETCATALOG_COMPILER_APPICON_NAME = AppIcon;
				ASSETCATALOG_COMPILER_LAUNCHIMAGE_NAME = LaunchImage;
				CLANG_WARN_DIRECT_OBJC_ISA_USAGE = NO;
				CLANG_WARN_IMPLICIT_SIGN_CONVERSION = NO;
				GCC_PRECOMPILE_PREFIX_HEADER = YES;
				GCC_PREFIX_HEADER = "BrowseOverflow/BrowseOverflow-Prefix.pch";
				GCC_TREAT_WARNINGS_AS_ERRORS = NO;
				GCC_WARN_ABOUT_MISSING_FIELD_INITIALIZERS = YES;
				GCC_WARN_ABOUT_MISSING_NEWLINE = YES;
				GCC_WARN_ABOUT_MISSING_PROTOTYPES = NO;
				GCC_WARN_INITIALIZER_NOT_FULLY_BRACKETED = YES;
				GCC_WARN_UNUSED_LABEL = YES;
				GCC_WARN_UNUSED_PARAMETER = NO;
				INFOPLIST_FILE = "BrowseOverflow/BrowseOverflow-Info.plist";
				PRODUCT_NAME = "$(TARGET_NAME)";
				WRAPPER_EXTENSION = app;
			};
			name = Release;
		};
		D307A76C19757FA800E68B8A /* Debug */ = {
			isa = XCBuildConfiguration;
			buildSettings = {
				BUNDLE_LOADER = "$(BUILT_PRODUCTS_DIR)/BrowseOverflow.app/BrowseOverflow";
				FRAMEWORK_SEARCH_PATHS = (
					"$(SDKROOT)/Developer/Library/Frameworks",
					"$(inherited)",
					"$(DEVELOPER_FRAMEWORKS_DIR)",
				);
				GCC_PRECOMPILE_PREFIX_HEADER = YES;
				GCC_PREFIX_HEADER = "BrowseOverflow/BrowseOverflow-Prefix.pch";
				GCC_PREPROCESSOR_DEFINITIONS = (
					"DEBUG=1",
					"$(inherited)",
				);
				GCC_TREAT_WARNINGS_AS_ERRORS = NO;
				GCC_WARN_ABOUT_MISSING_FIELD_INITIALIZERS = YES;
				GCC_WARN_ABOUT_MISSING_NEWLINE = YES;
				GCC_WARN_ABOUT_MISSING_PROTOTYPES = YES;
				GCC_WARN_FOUR_CHARACTER_CONSTANTS = YES;
				GCC_WARN_SHADOW = YES;
				GCC_WARN_UNUSED_LABEL = YES;
				GCC_WARN_UNUSED_PARAMETER = NO;
				INFOPLIST_FILE = "BrowseOverflowTests/BrowseOverflowTests-Info.plist";
				PRODUCT_NAME = "$(TARGET_NAME)";
				TEST_HOST = "$(BUNDLE_LOADER)";
				WRAPPER_EXTENSION = xctest;
			};
			name = Debug;
		};
		D307A76D19757FA800E68B8A /* Release */ = {
			isa = XCBuildConfiguration;
			buildSettings = {
				BUNDLE_LOADER = "$(BUILT_PRODUCTS_DIR)/BrowseOverflow.app/BrowseOverflow";
				FRAMEWORK_SEARCH_PATHS = (
					"$(SDKROOT)/Developer/Library/Frameworks",
					"$(inherited)",
					"$(DEVELOPER_FRAMEWORKS_DIR)",
				);
				GCC_PRECOMPILE_PREFIX_HEADER = YES;
				GCC_PREFIX_HEADER = "BrowseOverflow/BrowseOverflow-Prefix.pch";
				GCC_TREAT_WARNINGS_AS_ERRORS = NO;
				GCC_WARN_ABOUT_MISSING_FIELD_INITIALIZERS = YES;
				GCC_WARN_ABOUT_MISSING_NEWLINE = YES;
				GCC_WARN_ABOUT_MISSING_PROTOTYPES = YES;
				GCC_WARN_FOUR_CHARACTER_CONSTANTS = YES;
				GCC_WARN_SHADOW = YES;
				GCC_WARN_UNUSED_LABEL = YES;
				GCC_WARN_UNUSED_PARAMETER = NO;
				INFOPLIST_FILE = "BrowseOverflowTests/BrowseOverflowTests-Info.plist";
				PRODUCT_NAME = "$(TARGET_NAME)";
				TEST_HOST = "$(BUNDLE_LOADER)";
				WRAPPER_EXTENSION = xctest;
			};
			name = Release;
		};
/* End XCBuildConfiguration section */

/* Begin XCConfigurationList section */
		D307A72E19757FA800E68B8A /* Build configuration list for PBXProject "BrowseOverflow" */ = {
			isa = XCConfigurationList;
			buildConfigurations = (
				D307A76619757FA800E68B8A /* Debug */,
				D307A76719757FA800E68B8A /* Release */,
			);
			defaultConfigurationIsVisible = 0;
			defaultConfigurationName = Release;
		};
		D307A76819757FA800E68B8A /* Build configuration list for PBXNativeTarget "BrowseOverflow" */ = {
			isa = XCConfigurationList;
			buildConfigurations = (
				D307A76919757FA800E68B8A /* Debug */,
				D307A76A19757FA800E68B8A /* Release */,
			);
			defaultConfigurationIsVisible = 0;
			defaultConfigurationName = Release;
		};
		D307A76B19757FA800E68B8A /* Build configuration list for PBXNativeTarget "BrowseOverflowTests" */ = {
			isa = XCConfigurationList;
			buildConfigurations = (
				D307A76C19757FA800E68B8A /* Debug */,
				D307A76D19757FA800E68B8A /* Release */,
			);
			defaultConfigurationIsVisible = 0;
			defaultConfigurationName = Release;
		};
/* End XCConfigurationList section */
	};
	rootObject = D307A72B19757FA800E68B8A /* Project object */;
}
